# @generated - this file is auto-generated by `mise lock` https://mise.jdx.dev/dev-tools/mise-lock.html

[[tools."github:HBehrens/pdc_tool"]]
version = "0.3.4"
backend = "github:HBehrens/pdc_tool"

[tools."github:HBehrens/pdc_tool"."platforms.linux-arm64"]
checksum = "sha256:5a8f61e8ad0e6a1a08e267a641b3e36cb74378817e8067737e51581782ad569b"
url = "https://github.com/HBehrens/pdc_tool/releases/download/v0.3.4/pdc_tool_linux_aarch64-unknown-linux-gnu.zip"
url_api = "https://api.github.com/repos/HBehrens/pdc_tool/releases/assets/313018332"

[tools."github:HBehrens/pdc_tool"."platforms.linux-arm64-musl"]
checksum = "sha256:c1373948ea4b9057737a6cd68c977dc204eafdb097e6fa1013ee20a6a0640d41"
url = "https://github.com/HBehrens/pdc_tool/releases/download/v0.3.4/pdc_tool_linux_aarch64-unknown-linux-musl.zip"
url_api = "https://api.github.com/repos/HBehrens/pdc_tool/releases/assets/313018335"

[tools."github:HBehrens/pdc_tool"."platforms.linux-x64"]
checksum = "sha256:54cadf3739c1ab2c8ade36d975c441b65e09e7724081ec22f6de0a359a1aaba1"
url = "https://github.com/HBehrens/pdc_tool/releases/download/v0.3.4/pdc_tool_linux_x86_64-unknown-linux-gnu.zip"
url_api = "https://api.github.com/repos/HBehrens/pdc_tool/releases/assets/313018338"

[tools."github:HBehrens/pdc_tool"."platforms.linux-x64-musl"]
checksum = "sha256:f538f77ccba4a4591b71f36f368d2433433b49083497d49b7da12f170a0ace27"
url = "https://github.com/HBehrens/pdc_tool/releases/download/v0.3.4/pdc_tool_linux_x86_64-unknown-linux-musl.zip"
url_api = "https://api.github.com/repos/HBehrens/pdc_tool/releases/assets/313018339"

[tools."github:HBehrens/pdc_tool"."platforms.macos-arm64"]
checksum = "sha256:3ffed0d3c008d0ce63db9ae94694a2535acd4f9088755475ae7940688fde84a0"
url = "https://github.com/HBehrens/pdc_tool/releases/download/v0.3.4/pdc_tool_macos_aarch64-apple-darwin.zip"
url_api = "https://api.github.com/repos/HBehrens/pdc_tool/releases/assets/313018341"

[tools."github:HBehrens/pdc_tool"."platforms.macos-x64"]
checksum = "sha256:9c8452359d80e5995ff0516a413ad3b7eb0ddbdab4ad73258f289cdab7c066f0"
url = "https://github.com/HBehrens/pdc_tool/releases/download/v0.3.4/pdc_tool_macos_x86_64-apple-darwin.zip"
url_api = "https://api.github.com/repos/HBehrens/pdc_tool/releases/assets/313018340"

[[tools.node]]
version = "24.5.0"
backend = "core:node"

[tools.node."platforms.linux-arm64"]
checksum = "sha256:c643c118d907c8db42a677a12789eb5d55ad6de4b8e2c11bab08dbd23852da2e"
url = "https://nodejs.org/dist/v24.5.0/node-v24.5.0-linux-arm64.tar.gz"

[tools.node."platforms.linux-arm64-musl"]
checksum = "sha256:c643c118d907c8db42a677a12789eb5d55ad6de4b8e2c11bab08dbd23852da2e"
url = "https://nodejs.org/dist/v24.5.0/node-v24.5.0-linux-arm64.tar.gz"

[tools.node."platforms.linux-x64"]
checksum = "sha256:369f2a3668dde7e324697040fafdcf442fd198b8c102317145417b3c83a9794a"
url = "https://nodejs.org/dist/v24.5.0/node-v24.5.0-linux-x64.tar.gz"

[tools.node."platforms.linux-x64-musl"]
checksum = "sha256:369f2a3668dde7e324697040fafdcf442fd198b8c102317145417b3c83a9794a"
url = "https://nodejs.org/dist/v24.5.0/node-v24.5.0-linux-x64.tar.gz"

[tools.node."platforms.macos-arm64"]
checksum = "sha256:2a4172474565ecb8f0c87a1520590e00d6b28a78594c220d38eef991763dc276"
url = "https://nodejs.org/dist/v24.5.0/node-v24.5.0-darwin-arm64.tar.gz"

[tools.node."platforms.macos-x64"]
checksum = "sha256:2396c3dd148c8fce15593da27f839248cdea15aad971078ea7c06c73ba970f64"
url = "https://nodejs.org/dist/v24.5.0/node-v24.5.0-darwin-x64.tar.gz"

[tools.node."platforms.windows-x64"]
checksum = "sha256:c6a5714108caa81bc71e3859c18f449a8f456e275946c0d429e2d7120b03d20e"
url = "https://nodejs.org/dist/v24.5.0/node-v24.5.0-win-x64.zip"

[[tools."npm:typescript"]]
version = "6.0.3"
backend = "npm:typescript"

[[tools."pipx:pebble-tool"]]
version = "5.0.39"
backend = "pipx:pebble-tool"
