{
  "name": "marco-pebble",
  "version": "1.0.0",
  "lockfileVersion": 3,
  "requires": true,
  "packages": {
    "": {
      "name": "marco-pebble",
      "version": "1.0.0",
      "dependencies": {
        "@rebble/clay": "^1.0.10"
      },
      "devDependencies": {
        "@types/pebblekitjs": "^4.0.33"
      }
    },
    "node_modules/@rebble/clay": {
      "version": "1.0.10",
      "resolved": "https://registry.npmjs.org/@rebble/clay/-/clay-1.0.10.tgz",
      "integrity": "sha512-84EL9J6egrnWk/FzqCxRa9/vqO4fx7SBxdttthLEpBro+FVqUg+rMlqOzT8+zl4PkBQKAWdnqHwlHaS4heiXKg==",
      "license": "MIT"
    },
    "node_modules/@types/pebblekitjs": {
      "version": "4.0.33",
      "resolved": "https://registry.npmjs.org/@types/pebblekitjs/-/pebblekitjs-4.0.33.tgz",
      "integrity": "sha512-dQaAhcPx7Fcqnl6kStUDOB4TzofFMjgnX6u72NIsEwTZAtKgKq6fV13qZbXIDVfhjWdAJ0hlNQxWimMLtS71NA==",
      "dev": true,
      "license": "MIT"
    }
  }
}
